// !$*UTF8*$!
{
	archiveVersion = 1;
	classes = {
	};
	objectVersion = 51;
	objects = {

/* Begin PBXBuildFile section */
		330B2585260FB94A002CF6D2 /* Extension.swift in Sources */ = {isa = PBXBuildFile; fileRef = 330B2584260FB94A002CF6D2 /* Extension.swift */; };
		332E0BF5260CF81E001BE0D9 /* FolderDetailViewController.swift in Sources */ = {isa = PBXBuildFile; fileRef = 332E0BF4260CF81E001BE0D9 /* FolderDetailViewController.swift */; };
		332E0BFD260CFE68001BE0D9 /* NotesFolderTableViewCell.swift in Sources */ = {isa = PBXBuildFile; fileRef = 332E0BFB260CFE68001BE0D9 /* NotesFolderTableViewCell.swift */; };
		332E0C01260D00DE001BE0D9 /* FolderModel.swift in Sources */ = {isa = PBXBuildFile; fileRef = 332E0C00260D00DE001BE0D9 /* FolderModel.swift */; };
		33919474260CDFBB005C9F25 /* AppDelegate.swift in Sources */ = {isa = PBXBuildFile; fileRef = 33919473260CDFBB005C9F25 /* AppDelegate.swift */; };
		33919476260CDFBB005C9F25 /* SceneDelegate.swift in Sources */ = {isa = PBXBuildFile; fileRef = 33919475260CDFBB005C9F25 /* SceneDelegate.swift */; };
		33919478260CDFBB005C9F25 /* ViewController.swift in Sources */ = {isa = PBXBuildFile; fileRef = 33919477260CDFBB005C9F25 /* ViewController.swift */; };
		3391947B260CDFBB005C9F25 /* Main.storyboard in Resources */ = {isa = PBXBuildFile; fileRef = 33919479260CDFBB005C9F25 /* Main.storyboard */; };
		3391947D260CDFBD005C9F25 /* Assets.xcassets in Resources */ = {isa = PBXBuildFile; fileRef = 3391947C260CDFBD005C9F25 /* Assets.xcassets */; };
		33919480260CDFBD005C9F25 /* LaunchScreen.storyboard in Resources */ = {isa = PBXBuildFile; fileRef = 3391947E260CDFBD005C9F25 /* LaunchScreen.storyboard */; };
		DDEFE53F833E9BA9C04E9A50 /* Pods_NotesApp.framework in Frameworks */ = {isa = PBXBuildFile; fileRef = BA0B232E4A1E3F88592947BD /* Pods_NotesApp.framework */; };
/* End PBXBuildFile section */

/* Begin PBXFileReference section */
		330B2584260FB94A002CF6D2 /* Extension.swift */ = {isa = PBXFileReference; lastKnownFileType = sourcecode.swift; path = Extension.swift; sourceTree = "<group>"; };
		332E0BF4260CF81E001BE0D9 /* FolderDetailViewController.swift */ = {isa = PBXFileReference; lastKnownFileType = sourcecode.swift; path = FolderDetailViewController.swift; sourceTree = "<group>"; };
		332E0BFB260CFE68001BE0D9 /* NotesFolderTableViewCell.swift */ = {isa = PBXFileReference; lastKnownFileType = sourcecode.swift; path = NotesFolderTableViewCell.swift; sourceTree = "<group>"; };
		332E0C00260D00DE001BE0D9 /* FolderModel.swift */ = {isa = PBXFileReference; lastKnownFileType = sourcecode.swift; path = FolderModel.swift; sourceTree = "<group>"; };
		33919470260CDFBB005C9F25 /* NotesApp.app */ = {isa = PBXFileReference; explicitFileType = wrapper.application; includeInIndex = 0; path = NotesApp.app; sourceTree = BUILT_PRODUCTS_DIR; };
		33919473260CDFBB005C9F25 /* AppDelegate.swift */ = {isa = PBXFileReference; lastKnownFileType = sourcecode.swift; path = AppDelegate.swift; sourceTree = "<group>"; };
		33919475260CDFBB005C9F25 /* SceneDelegate.swift */ = {isa = PBXFileReference; lastKnownFileType = sourcecode.swift; path = SceneDelegate.swift; sourceTree = "<group>"; };
		33919477260CDFBB005C9F25 /* ViewController.swift */ = {isa = PBXFileReference; lastKnownFileType = sourcecode.swift; path = ViewController.swift; sourceTree = "<group>"; };
		3391947A260CDFBB005C9F25 /* Base */ = {isa = PBXFileReference; lastKnownFileType = file.storyboard; name = Base; path = Base.lproj/Main.storyboard; sourceTree = "<group>"; };
		3391947C260CDFBD005C9F25 /* Assets.xcassets */ = {isa = PBXFileReference; lastKnownFileType = folder.assetcatalog; path = Assets.xcassets; sourceTree = "<group>"; };
		3391947F260CDFBD005C9F25 /* Base */ = {isa = PBXFileReference; lastKnownFileType = file.storyboard; name = Base; path = Base.lproj/LaunchScreen.storyboard; sourceTree = "<group>"; };
		33919481260CDFBD005C9F25 /* Info.plist */ = {isa = PBXFileReference; lastKnownFileType = text.plist.xml; path = Info.plist; sourceTree = "<group>"; };
		45C60C91140A3D06AB674388 /* Pods-NotesApp.debug.xcconfig */ = {isa = PBXFileReference; includeInIndex = 1; lastKnownFileType = text.xcconfig; name = "Pods-NotesApp.debug.xcconfig"; path = "Target Support Files/Pods-NotesApp/Pods-NotesApp.debug.xcconfig"; sourceTree = "<group>"; };
		BA0B232E4A1E3F88592947BD /* Pods_NotesApp.framework */ = {isa = PBXFileReference; explicitFileType = wrapper.framework; includeInIndex = 0; path = Pods_NotesApp.framework; sourceTree = BUILT_PRODUCTS_DIR; };
		FDC70912D9F2F8F9DE11009A /* Pods-NotesApp.release.xcconfig */ = {isa = PBXFileReference; includeInIndex = 1; lastKnownFileType = text.xcconfig; name = "Pods-NotesApp.release.xcconfig"; path = "Target Support Files/Pods-NotesApp/Pods-NotesApp.release.xcconfig"; sourceTree = "<group>"; };
/* End PBXFileReference section */

/* Begin PBXFrameworksBuildPhase section */
		3391946D260CDFBB005C9F25 /* Frameworks */ = {
			isa = PBXFrameworksBuildPhase;
			buildActionMask = 2147483647;
			files = (
				DDEFE53F833E9BA9C04E9A50 /* Pods_NotesApp.framework in Frameworks */,
			);
			runOnlyForDeploymentPostprocessing = 0;
		};
/* End PBXFrameworksBuildPhase section */

/* Begin PBXGroup section */
		330B257A260FB4D8002CF6D2 /* Views */ = {
			isa = PBXGroup;
			children = (
				330B257B260FB4F3002CF6D2 /* Cells */,
				33919477260CDFBB005C9F25 /* ViewController.swift */,
				332E0BF4260CF81E001BE0D9 /* FolderDetailViewController.swift */,
			);
			path = Views;
			sourceTree = "<group>";
		};
		330B257B260FB4F3002CF6D2 /* Cells */ = {
			isa = PBXGroup;
			children = (
				332E0BFB260CFE68001BE0D9 /* NotesFolderTableViewCell.swift */,
			);
			path = Cells;
			sourceTree = "<group>";
		};
		330B257C260FB511002CF6D2 /* Models */ = {
			isa = PBXGroup;
			children = (
				332E0C00260D00DE001BE0D9 /* FolderModel.swift */,
			);
			path = Models;
			sourceTree = "<group>";
		};
		330B2583260FB938002CF6D2 /* Extensions */ = {
			isa = PBXGroup;
			children = (
				330B2584260FB94A002CF6D2 /* Extension.swift */,
			);
			path = Extensions;
			sourceTree = "<group>";
		};
		33919467260CDFBB005C9F25 = {
			isa = PBXGroup;
			children = (
				33919472260CDFBB005C9F25 /* NotesApp */,
				33919471260CDFBB005C9F25 /* Products */,
				A465D11BBCA4E2BBC0CF06FF /* Pods */,
				7F9B8F94C98BC67A0BD9CA23 /* Frameworks */,
			);
			sourceTree = "<group>";
		};
		33919471260CDFBB005C9F25 /* Products */ = {
			isa = PBXGroup;
			children = (
				33919470260CDFBB005C9F25 /* NotesApp.app */,
			);
			name = Products;
			sourceTree = "<group>";
		};
		33919472260CDFBB005C9F25 /* NotesApp */ = {
			isa = PBXGroup;
			children = (
				330B2583260FB938002CF6D2 /* Extensions */,
				330B257C260FB511002CF6D2 /* Models */,
				33919473260CDFBB005C9F25 /* AppDelegate.swift */,
				33919475260CDFBB005C9F25 /* SceneDelegate.swift */,
				330B257A260FB4D8002CF6D2 /* Views */,
				33919479260CDFBB005C9F25 /* Main.storyboard */,
				3391947C260CDFBD005C9F25 /* Assets.xcassets */,
				3391947E260CDFBD005C9F25 /* LaunchScreen.storyboard */,
				33919481260CDFBD005C9F25 /* Info.plist */,
			);
			path = NotesApp;
			sourceTree = "<group>";
		};
		7F9B8F94C98BC67A0BD9CA23 /* Frameworks */ = {
			isa = PBXGroup;
			children = (
				BA0B232E4A1E3F88592947BD /* Pods_NotesApp.framework */,
			);
			name = Frameworks;
			sourceTree = "<group>";
		};
		A465D11BBCA4E2BBC0CF06FF /* Pods */ = {
			isa = PBXGroup;
			children = (
				45C60C91140A3D06AB674388 /* Pods-NotesApp.debug.xcconfig */,
				FDC70912D9F2F8F9DE11009A /* Pods-NotesApp.release.xcconfig */,
			);
			path = Pods;
			sourceTree = "<group>";
		};
/* End PBXGroup section */

/* Begin PBXNativeTarget section */
		3391946F260CDFBB005C9F25 /* NotesApp */ = {
			isa = PBXNativeTarget;
			buildConfigurationList = 33919484260CDFBD005C9F25 /* Build configuration list for PBXNativeTarget "NotesApp" */;
			buildPhases = (
				741FEA584814DE11ED3F1349 /* [CP] Check Pods Manifest.lock */,
				3391946C260CDFBB005C9F25 /* Sources */,
				3391946D260CDFBB005C9F25 /* Frameworks */,
				3391946E260CDFBB005C9F25 /* Resources */,
				26A77C4AA73E8B29A612D210 /* [CP] Embed Pods Frameworks */,
			);
			buildRules = (
			);
			dependencies = (
			);
			name = NotesApp;
			productName = NotesApp;
			productReference = 33919470260CDFBB005C9F25 /* NotesApp.app */;
			productType = "com.apple.product-type.application";
		};
/* End PBXNativeTarget section */

/* Begin PBXProject section */
		33919468260CDFBB005C9F25 /* Project object */ = {
			isa = PBXProject;
			attributes = {
				LastSwiftUpdateCheck = 1240;
				LastUpgradeCheck = 1240;
				TargetAttributes = {
					3391946F260CDFBB005C9F25 = {
						CreatedOnToolsVersion = 12.4;
					};
				};
			};
			buildConfigurationList = 3391946B260CDFBB005C9F25 /* Build configuration list for PBXProject "NotesApp" */;
			compatibilityVersion = "Xcode 9.3";
			developmentRegion = en;
			hasScannedForEncodings = 0;
			knownRegions = (
				en,
				Base,
			);
			mainGroup = 33919467260CDFBB005C9F25;
			productRefGroup = 33919471260CDFBB005C9F25 /* Products */;
			projectDirPath = "";
			projectRoot = "";
			targets = (
				3391946F260CDFBB005C9F25 /* NotesApp */,
			);
		};
/* End PBXProject section */

/* Begin PBXResourcesBuildPhase section */
		3391946E260CDFBB005C9F25 /* Resources */ = {
			isa = PBXResourcesBuildPhase;
			buildActionMask = 2147483647;
			files = (
				33919480260CDFBD005C9F25 /* LaunchScreen.storyboard in Resources */,
				3391947D260CDFBD005C9F25 /* Assets.xcassets in Resources */,
				3391947B260CDFBB005C9F25 /* Main.storyboard in Resources */,
			);
			runOnlyForDeploymentPostprocessing = 0;
		};
/* End PBXResourcesBuildPhase section */

/* Begin PBXShellScriptBuildPhase section */
		26A77C4AA73E8B29A612D210 /* [CP] Embed Pods Frameworks */ = {
			isa = PBXShellScriptBuildPhase;
			buildActionMask = 2147483647;
			files = (
			);
			inputFileListPaths = (
				"${PODS_ROOT}/Target Support Files/Pods-NotesApp/Pods-NotesApp-frameworks-${CONFIGURATION}-input-files.xcfilelist",
			);
			name = "[CP] Embed Pods Frameworks";
			outputFileListPaths = (
				"${PODS_ROOT}/Target Support Files/Pods-NotesApp/Pods-NotesApp-frameworks-${CONFIGURATION}-output-files.xcfilelist",
			);
			runOnlyForDeploymentPostprocessing = 0;
			shellPath = /bin/sh;
			shellScript = "\"${PODS_ROOT}/Target Support Files/Pods-NotesApp/Pods-NotesApp-frameworks.sh\"\n";
			showEnvVarsInLog = 0;
		};
		741FEA584814DE11ED3F1349 /* [CP] Check Pods Manifest.lock */ = {
			isa = PBXShellScriptBuildPhase;
			buildActionMask = 2147483647;
			files = (
			);
			inputFileListPaths = (
			);
			inputPaths = (
				"${PODS_PODFILE_DIR_PATH}/Podfile.lock",
				"${PODS_ROOT}/Manifest.lock",
			);
			name = "[CP] Check Pods Manifest.lock";
			outputFileListPaths = (
			);
			outputPaths = (
				"$(DERIVED_FILE_DIR)/Pods-NotesApp-checkManifestLockResult.txt",
			);
			runOnlyForDeploymentPostprocessing = 0;
			shellPath = /bin/sh;
			shellScript = "diff \"${PODS_PODFILE_DIR_PATH}/Podfile.lock\" \"${PODS_ROOT}/Manifest.lock\" > /dev/null\nif [ $? != 0 ] ; then\n    # print error to STDERR\n    echo \"error: The sandbox is not in sync with the Podfile.lock. Run 'pod install' or update your CocoaPods installation.\" >&2\n    exit 1\nfi\n# This output is used by Xcode 'outputs' to avoid re-running this script phase.\necho \"SUCCESS\" > \"${SCRIPT_OUTPUT_FILE_0}\"\n";
			showEnvVarsInLog = 0;
		};
/* End PBXShellScriptBuildPhase section */

/* Begin PBXSourcesBuildPhase section */
		3391946C260CDFBB005C9F25 /* Sources */ = {
			isa = PBXSourcesBuildPhase;
			buildActionMask = 2147483647;
			files = (
				33919478260CDFBB005C9F25 /* ViewController.swift in Sources */,
				332E0C01260D00DE001BE0D9 /* FolderModel.swift in Sources */,
				330B2585260FB94A002CF6D2 /* Extension.swift in Sources */,
				33919474260CDFBB005C9F25 /* AppDelegate.swift in Sources */,
				332E0BFD260CFE68001BE0D9 /* NotesFolderTableViewCell.swift in Sources */,
				332E0BF5260CF81E001BE0D9 /* FolderDetailViewController.swift in Sources */,
				33919476260CDFBB005C9F25 /* SceneDelegate.swift in Sources */,
			);
			runOnlyForDeploymentPostprocessing = 0;
		};
/* End PBXSourcesBuildPhase section */

/* Begin PBXVariantGroup section */
		33919479260CDFBB005C9F25 /* Main.storyboard */ = {
			isa = PBXVariantGroup;
			children = (
				3391947A260CDFBB005C9F25 /* Base */,
			);
			name = Main.storyboard;
			sourceTree = "<group>";
		};
		3391947E260CDFBD005C9F25 /* LaunchScreen.storyboard */ = {
			isa = PBXVariantGroup;
			children = (
				3391947F260CDFBD005C9F25 /* Base */,
			);
			name = LaunchScreen.storyboard;
			sourceTree = "<group>";
		};
/* End PBXVariantGroup section */

/* Begin XCBuildConfiguration section */
		33919482260CDFBD005C9F25 /* Debug */ = {
			isa = XCBuildConfiguration;
			buildSettings = {
				ALWAYS_SEARCH_USER_PATHS = NO;
				CLANG_ANALYZER_NONNULL = YES;
				CLANG_ANALYZER_NUMBER_OBJECT_CONVERSION = YES_AGGRESSIVE;
				CLANG_CXX_LANGUAGE_STANDARD = "gnu++14";
				CLANG_CXX_LIBRARY = "libc++";
				CLANG_ENABLE_MODULES = YES;
				CLANG_ENABLE_OBJC_ARC = YES;
				CLANG_ENABLE_OBJC_WEAK = YES;
				CLANG_WARN_BLOCK_CAPTURE_AUTORELEASING = YES;
				CLANG_WARN_BOOL_CONVERSION = YES;
				CLANG_WARN_COMMA = YES;
				CLANG_WARN_CONSTANT_CONVERSION = YES;
				CLANG_WARN_DEPRECATED_OBJC_IMPLEMENTATIONS = YES;
				CLANG_WARN_DIRECT_OBJC_ISA_USAGE = YES_ERROR;
				CLANG_WARN_DOCUMENTATION_COMMENTS = YES;
				CLANG_WARN_EMPTY_BODY = YES;
				CLANG_WARN_ENUM_CONVERSION = YES;
				CLANG_WARN_INFINITE_RECURSION = YES;
				CLANG_WARN_INT_CONVERSION = YES;
				CLANG_WARN_NON_LITERAL_NULL_CONVERSION = YES;
				CLANG_WARN_OBJC_IMPLICIT_RETAIN_SELF = YES;
				CLANG_WARN_OBJC_LITERAL_CONVERSION = YES;
				CLANG_WARN_OBJC_ROOT_CLASS = YES_ERROR;
				CLANG_WARN_QUOTED_INCLUDE_IN_FRAMEWORK_HEADER = YES;
				CLANG_WARN_RANGE_LOOP_ANALYSIS = YES;
				CLANG_WARN_STRICT_PROTOTYPES = YES;
				CLANG_WARN_SUSPICIOUS_MOVE = YES;
				CLANG_WARN_UNGUARDED_AVAILABILITY = YES_AGGRESSIVE;
				CLANG_WARN_UNREACHABLE_CODE = YES;
				CLANG_WARN__DUPLICATE_METHOD_MATCH = YES;
				COPY_PHASE_STRIP = NO;
				DEBUG_INFORMATION_FORMAT = dwarf;
				ENABLE_STRICT_OBJC_MSGSEND = YES;
				ENABLE_TESTABILITY = YES;
				GCC_C_LANGUAGE_STANDARD = gnu11;
				GCC_DYNAMIC_NO_PIC = NO;
				GCC_NO_COMMON_BLOCKS = YES;
				GCC_OPTIMIZATION_LEVEL = 0;
				GCC_PREPROCESSOR_DEFINITIONS = (
					"DEBUG=1",
					"$(inherited)",
				);
				GCC_WARN_64_TO_32_BIT_CONVERSION = YES;
				GCC_WARN_ABOUT_RETURN_TYPE = YES_ERROR;
				GCC_WARN_UNDECLARED_SELECTOR = YES;
				GCC_WARN_UNINITIALIZED_AUTOS = YES_AGGRESSIVE;
				GCC_WARN_UNUSED_FUNCTION = YES;
				GCC_WARN_UNUSED_VARIABLE = YES;
				IPHONEOS_DEPLOYMENT_TARGET = 14.4;
				MTL_ENABLE_DEBUG_INFO = INCLUDE_SOURCE;
				MTL_FAST_MATH = YES;
				ONLY_ACTIVE_ARCH = YES;
				SDKROOT = iphoneos;
				SWIFT_ACTIVE_COMPILATION_CONDITIONS = DEBUG;
				SWIFT_OPTIMIZATION_LEVEL = "-Onone";
			};
			name = Debug;
		};
		33919483260CDFBD005C9F25 /* Release */ = {
			isa = XCBuildConfiguration;
			buildSettings = {
				ALWAYS_SEARCH_USER_PATHS = NO;
				CLANG_ANALYZER_NONNULL = YES;
				CLANG_ANALYZER_NUMBER_OBJECT_CONVERSION = YES_AGGRESSIVE;
				CLANG_CXX_LANGUAGE_STANDARD = "gnu++14";
				CLANG_CXX_LIBRARY = "libc++";
				CLANG_ENABLE_MODULES = YES;
				CLANG_ENABLE_OBJC_ARC = YES;
				CLANG_ENABLE_OBJC_WEAK = YES;
				CLANG_WARN_BLOCK_CAPTURE_AUTORELEASING = YES;
				CLANG_WARN_BOOL_CONVERSION = YES;
				CLANG_WARN_COMMA = YES;
				CLANG_WARN_CONSTANT_CONVERSION = YES;
				CLANG_WARN_DEPRECATED_OBJC_IMPLEMENTATIONS = YES;
				CLANG_WARN_DIRECT_OBJC_ISA_USAGE = YES_ERROR;
				CLANG_WARN_DOCUMENTATION_COMMENTS = YES;
				CLANG_WARN_EMPTY_BODY = YES;
				CLANG_WARN_ENUM_CONVERSION = YES;
				CLANG_WARN_INFINITE_RECURSION = YES;
				CLANG_WARN_INT_CONVERSION = YES;
				CLANG_WARN_NON_LITERAL_NULL_CONVERSION = YES;
				CLANG_WARN_OBJC_IMPLICIT_RETAIN_SELF = YES;
				CLANG_WARN_OBJC_LITERAL_CONVERSION = YES;
				CLANG_WARN_OBJC_ROOT_CLASS = YES_ERROR;
				CLANG_WARN_QUOTED_INCLUDE_IN_FRAMEWORK_HEADER = YES;
				CLANG_WARN_RANGE_LOOP_ANALYSIS = YES;
				CLANG_WARN_STRICT_PROTOTYPES = YES;
				CLANG_WARN_SUSPICIOUS_MOVE = YES;
				CLANG_WARN_UNGUARDED_AVAILABILITY = YES_AGGRESSIVE;
				CLANG_WARN_UNREACHABLE_CODE = YES;
				CLANG_WARN__DUPLICATE_METHOD_MATCH = YES;
				COPY_PHASE_STRIP = NO;
				DEBUG_INFORMATION_FORMAT = "dwarf-with-dsym";
				ENABLE_NS_ASSERTIONS = NO;
				ENABLE_STRICT_OBJC_MSGSEND = YES;
				GCC_C_LANGUAGE_STANDARD = gnu11;
				GCC_NO_COMMON_BLOCKS = YES;
				GCC_WARN_64_TO_32_BIT_CONVERSION = YES;
				GCC_WARN_ABOUT_RETURN_TYPE = YES_ERROR;
				GCC_WARN_UNDECLARED_SELECTOR = YES;
				GCC_WARN_UNINITIALIZED_AUTOS = YES_AGGRESSIVE;
				GCC_WARN_UNUSED_FUNCTION = YES;
				GCC_WARN_UNUSED_VARIABLE = YES;
				IPHONEOS_DEPLOYMENT_TARGET = 14.4;
				MTL_ENABLE_DEBUG_INFO = NO;
				MTL_FAST_MATH = YES;
				SDKROOT = iphoneos;
				SWIFT_COMPILATION_MODE = wholemodule;
				SWIFT_OPTIMIZATION_LEVEL = "-O";
				VALIDATE_PRODUCT = YES;
			};
			name = Release;
		};
		33919485260CDFBD005C9F25 /* Debug */ = {
			isa = XCBuildConfiguration;
			baseConfigurationReference = 45C60C91140A3D06AB674388 /* Pods-NotesApp.debug.xcconfig */;
			buildSettings = {
				ASSETCATALOG_COMPILER_APPICON_NAME = AppIcon;
				ASSETCATALOG_COMPILER_GLOBAL_ACCENT_COLOR_NAME = AccentColor;
				CODE_SIGN_STYLE = Automatic;
				DEVELOPMENT_TEAM = 9C8KC56C92;
				INFOPLIST_FILE = NotesApp/Info.plist;
				LD_RUNPATH_SEARCH_PATHS = (
					"$(inherited)",
					"@executable_path/Frameworks",
				);
				PRODUCT_BUNDLE_IDENTIFIER = davranarifzhanov.NotesApp;
				PRODUCT_NAME = "$(TARGET_NAME)";
				SWIFT_VERSION = 5.0;
				TARGETED_DEVICE_FAMILY = "1,2";
			};
			name = Debug;
		};
		33919486260CDFBD005C9F25 /* Release */ = {
			isa = XCBuildConfiguration;
			baseConfigurationReference = FDC70912D9F2F8F9DE11009A /* Pods-NotesApp.release.xcconfig */;
			buildSettings = {
				ASSETCATALOG_COMPILER_APPICON_NAME = AppIcon;
				ASSETCATALOG_COMPILER_GLOBAL_ACCENT_COLOR_NAME = AccentColor;
				CODE_SIGN_STYLE = Automatic;
				DEVELOPMENT_TEAM = 9C8KC56C92;
				INFOPLIST_FILE = NotesApp/Info.plist;
				LD_RUNPATH_SEARCH_PATHS = (
					"$(inherited)",
					"@executable_path/Frameworks",
				);
				PRODUCT_BUNDLE_IDENTIFIER = davranarifzhanov.NotesApp;
				PRODUCT_NAME = "$(TARGET_NAME)";
				SWIFT_VERSION = 5.0;
				TARGETED_DEVICE_FAMILY = "1,2";
			};
			name = Release;
		};
/* End XCBuildConfiguration section */

/* Begin XCConfigurationList section */
		3391946B260CDFBB005C9F25 /* Build configuration list for PBXProject "NotesApp" */ = {
			isa = XCConfigurationList;
			buildConfigurations = (
				33919482260CDFBD005C9F25 /* Debug */,
				33919483260CDFBD005C9F25 /* Release */,
			);
			defaultConfigurationIsVisible = 0;
			defaultConfigurationName = Release;
		};
		33919484260CDFBD005C9F25 /* Build configuration list for PBXNativeTarget "NotesApp" */ = {
			isa = XCConfigurationList;
			buildConfigurations = (
				33919485260CDFBD005C9F25 /* Debug */,
				33919486260CDFBD005C9F25 /* Release */,
			);
			defaultConfigurationIsVisible = 0;
			defaultConfigurationName = Release;
		};
/* End XCConfigurationList section */
	};
	rootObject = 33919468260CDFBB005C9F25 /* Project object */;
}
